
Microsoft Visual Studio Solution File, Format Version 12.00
# Visual Studio Version 17
VisualStudioVersion = 17.3.32901.215
MinimumVisualStudioVersion = 10.0.40219.1
Project("{FAE04EC0-301F-11D3-BF4B-00C04F79EFBC}") = "Najveci Djeljiv", "Najveci Djeljiv\Najveci Djeljiv.csproj", "{D917CEE7-A4C0-483F-843B-2B33A0A9CDF7}"
EndProject
Global
	GlobalSection(SolutionConfigurationPlatforms) = preSolution
		Debug|Any CPU = Debug|Any CPU
		Release|Any CPU = Release|Any CPU
	EndGlobalSection
	GlobalSection(ProjectConfigurationPlatforms) = postSolution
		{D917CEE7-A4C0-483F-843B-2B33A0A9CDF7}.Debug|Any CPU.ActiveCfg = Debug|Any CPU
		{D917CEE7-A4C0-483F-843B-2B33A0A9CDF7}.Debug|Any CPU.Build.0 = Debug|Any CPU
		{D917CEE7-A4C0-483F-843B-2B33A0A9CDF7}.Release|Any CPU.ActiveCfg = Release|Any CPU
		{D917CEE7-A4C0-483F-843B-2B33A0A9CDF7}.Release|Any CPU.Build.0 = Release|Any CPU
	EndGlobalSection
	GlobalSection(SolutionProperties) = preSolution
		HideSolutionNode = FALSE
	EndGlobalSection
	GlobalSection(ExtensibilityGlobals) = postSolution
		SolutionGuid = {7CB52996-CD36-4D35-8EA7-1A7BED042B25}
	EndGlobalSection
EndGlobal
